// !$*UTF8*$!
{
	archiveVersion = 1;
	classes = {
	};
	objectVersion = 48;
	objects = {

/* Begin PBXBuildFile section */
		B2013077201F09D400766573 /* inspection.plist in Resources */ = {isa = PBXBuildFile; fileRef = B2013076201F09D400766573 /* inspection.plist */; };
		B2013079201F0B6800766573 /* Inspection.swift in Sources */ = {isa = PBXBuildFile; fileRef = B2013078201F0B6800766573 /* Inspection.swift */; };
		B201307B201F0BAE00766573 /* InspectionToolbar.swift in Sources */ = {isa = PBXBuildFile; fileRef = B201307A201F0BAE00766573 /* InspectionToolbar.swift */; };
		B201307D201F10D500766573 /* InspectionPickerView.swift in Sources */ = {isa = PBXBuildFile; fileRef = B201307C201F10D500766573 /* InspectionPickerView.swift */; };
		B234B01E203FA203000008F7 /* BaseNetwork.swift in Sources */ = {isa = PBXBuildFile; fileRef = B234B01D203FA203000008F7 /* BaseNetwork.swift */; };
		B2417ABB2058C67E00770E23 /* CommonData.swift in Sources */ = {isa = PBXBuildFile; fileRef = B2417ABA2058C67E00770E23 /* CommonData.swift */; };
		B2417ACB2059057300770E23 /* MyInfoSubVC.swift in Sources */ = {isa = PBXBuildFile; fileRef = B2417ACA2059057300770E23 /* MyInfoSubVC.swift */; };
		B2417ACD205907A500770E23 /* NoticeInfoSubVC.swift in Sources */ = {isa = PBXBuildFile; fileRef = B2417ACC205907A500770E23 /* NoticeInfoSubVC.swift */; };
		B2417ACF205907E300770E23 /* MyRanksSubVC.swift in Sources */ = {isa = PBXBuildFile; fileRef = B2417ACE205907E300770E23 /* MyRanksSubVC.swift */; };
		B2417AD12059084000770E23 /* MaintenanceStatisticsSubVC.swift in Sources */ = {isa = PBXBuildFile; fileRef = B2417AD02059084000770E23 /* MaintenanceStatisticsSubVC.swift */; };
		B2438BFD2029889B00BD81CB /* User.swift in Sources */ = {isa = PBXBuildFile; fileRef = B2438BFC2029889B00BD81CB /* User.swift */; };
		B24CA9042063A11400E3813C /* SwiftyJSON.framework in Frameworks */ = {isa = PBXBuildFile; fileRef = B24CA8F72063A10600E3813C /* SwiftyJSON.framework */; };
		B24CA9052063A11400E3813C /* SwiftyJSON.framework in Embed Frameworks */ = {isa = PBXBuildFile; fileRef = B24CA8F72063A10600E3813C /* SwiftyJSON.framework */; settings = {ATTRIBUTES = (CodeSignOnCopy, RemoveHeadersOnCopy, ); }; };
		B24CA9112063A16200E3813C /* SnapKit.framework in Frameworks */ = {isa = PBXBuildFile; fileRef = B24CA90E2063A15700E3813C /* SnapKit.framework */; };
		B24CA9122063A16200E3813C /* SnapKit.framework in Embed Frameworks */ = {isa = PBXBuildFile; fileRef = B24CA90E2063A15700E3813C /* SnapKit.framework */; settings = {ATTRIBUTES = (CodeSignOnCopy, RemoveHeadersOnCopy, ); }; };
		B251F367204391800032722A /* ExtensionToast.swift in Sources */ = {isa = PBXBuildFile; fileRef = B251F366204391800032722A /* ExtensionToast.swift */; };
		B25AEE7A205765CF00284433 /* SideViewController.swift in Sources */ = {isa = PBXBuildFile; fileRef = B25AEE79205765CF00284433 /* SideViewController.swift */; };
		B25AEE7C2057665000284433 /* OtherViewController.swift in Sources */ = {isa = PBXBuildFile; fileRef = B25AEE7B2057665000284433 /* OtherViewController.swift */; };
		B25AEE822057693300284433 /* MyResuceVC.swift in Sources */ = {isa = PBXBuildFile; fileRef = B25AEE7E2057693300284433 /* MyResuceVC.swift */; };
		B25AEE832057693300284433 /* MyMaintVC.swift in Sources */ = {isa = PBXBuildFile; fileRef = B25AEE7F2057693300284433 /* MyMaintVC.swift */; };
		B25AEE842057693300284433 /* MaintPlanVC.swift in Sources */ = {isa = PBXBuildFile; fileRef = B25AEE802057693300284433 /* MaintPlanVC.swift */; };
		B25AEE852057693300284433 /* ResuceTaskVC.swift in Sources */ = {isa = PBXBuildFile; fileRef = B25AEE812057693300284433 /* ResuceTaskVC.swift */; };
		B25AEE872057A93E00284433 /* Weather.swift in Sources */ = {isa = PBXBuildFile; fileRef = B25AEE862057A93E00284433 /* Weather.swift */; };
		B25AEEA12057B13500284433 /* Alamofire.framework in Frameworks */ = {isa = PBXBuildFile; fileRef = B25AEE942057B10300284433 /* Alamofire.framework */; };
		B25AEEA22057B13500284433 /* Alamofire.framework in Embed Frameworks */ = {isa = PBXBuildFile; fileRef = B25AEE942057B10300284433 /* Alamofire.framework */; settings = {ATTRIBUTES = (CodeSignOnCopy, RemoveHeadersOnCopy, ); }; };
		B25EA613205B5AC6001D9866 /* UIDevice.swift in Sources */ = {isa = PBXBuildFile; fileRef = B25EA612205B5AC6001D9866 /* UIDevice.swift */; };
		B2683E7B2046840000E60F3C /* Common.swift in Sources */ = {isa = PBXBuildFile; fileRef = B2683E7A2046840000E60F3C /* Common.swift */; };
		B2712C69205223220020D9F0 /* XYSideViewControllerSwift.swift in Sources */ = {isa = PBXBuildFile; fileRef = B2712C68205223220020D9F0 /* XYSideViewControllerSwift.swift */; };
		B27AD555205A480F004D3629 /* Assets.xcassets in Resources */ = {isa = PBXBuildFile; fileRef = B27AD554205A480F004D3629 /* Assets.xcassets */; };
		B2805CEB202AE0BB005BBD38 /* WelcomeViewController.swift in Sources */ = {isa = PBXBuildFile; fileRef = B2805CEA202AE0BB005BBD38 /* WelcomeViewController.swift */; };
		B2B2CEA6204D2F7C00511479 /* OtherPageViewController.swift in Sources */ = {isa = PBXBuildFile; fileRef = B2B2CEA5204D2F7C00511479 /* OtherPageViewController.swift */; };
		B2D54873205F8E77002B76A5 /* faultType.plist in Resources */ = {isa = PBXBuildFile; fileRef = B2D54872205F8E77002B76A5 /* faultType.plist */; };
		B2D54883205F9600002B76A5 /* FaultType.swift in Sources */ = {isa = PBXBuildFile; fileRef = B2D54882205F9600002B76A5 /* FaultType.swift */; };
		B2D54885205F962C002B76A5 /* FaultTypePickerView.swift in Sources */ = {isa = PBXBuildFile; fileRef = B2D54884205F962C002B76A5 /* FaultTypePickerView.swift */; };
		B2D54887205F96FF002B76A5 /* FaultTypeToolbar.swift in Sources */ = {isa = PBXBuildFile; fileRef = B2D54886205F96FF002B76A5 /* FaultTypeToolbar.swift */; };
		B2D5488B2060AA7F002B76A5 /* PersonnelClaimVC.swift in Sources */ = {isa = PBXBuildFile; fileRef = B2D5488A2060AA7F002B76A5 /* PersonnelClaimVC.swift */; };
		B2D5489B2060AADE002B76A5 /* PersonnelManagementVC.swift in Sources */ = {isa = PBXBuildFile; fileRef = B2D5489A2060AADE002B76A5 /* PersonnelManagementVC.swift */; };
		B2D5489D2060AB34002B76A5 /* RealtimePositionVC.swift in Sources */ = {isa = PBXBuildFile; fileRef = B2D5489C2060AB34002B76A5 /* RealtimePositionVC.swift */; };
		B2D5489F2060AB77002B76A5 /* ResuceStatisticsVC.swift in Sources */ = {isa = PBXBuildFile; fileRef = B2D5489E2060AB77002B76A5 /* ResuceStatisticsVC.swift */; };
		B2EEEAD4204406AF00CBE7DD /* MainTabViewController.swift in Sources */ = {isa = PBXBuildFile; fileRef = B2EEEAD3204406AF00CBE7DD /* MainTabViewController.swift */; };
		B2EEEAD6204406CD00CBE7DD /* MyResuceViewController.swift in Sources */ = {isa = PBXBuildFile; fileRef = B2EEEAD5204406CD00CBE7DD /* MyResuceViewController.swift */; };
		B2EEEAD8204406E400CBE7DD /* ResuceTaskViewController.swift in Sources */ = {isa = PBXBuildFile; fileRef = B2EEEAD7204406E400CBE7DD /* ResuceTaskViewController.swift */; };
		B2EEEADA204406F600CBE7DD /* MyMaintViewController.swift in Sources */ = {isa = PBXBuildFile; fileRef = B2EEEAD9204406F600CBE7DD /* MyMaintViewController.swift */; };
		B2EEEADC2044070800CBE7DD /* MaintPlanViewController.swift in Sources */ = {isa = PBXBuildFile; fileRef = B2EEEADB2044070800CBE7DD /* MaintPlanViewController.swift */; };
		B2EEEADE2044082400CBE7DD /* MainViewController.swift in Sources */ = {isa = PBXBuildFile; fileRef = B2EEEADD2044082400CBE7DD /* MainViewController.swift */; };
		B2EFC60420084C8D005D8338 /* AppDelegate.swift in Sources */ = {isa = PBXBuildFile; fileRef = B2EFC60320084C8D005D8338 /* AppDelegate.swift */; };
		B2EFC60620084C8D005D8338 /* RegisterViewController.swift in Sources */ = {isa = PBXBuildFile; fileRef = B2EFC60520084C8D005D8338 /* RegisterViewController.swift */; };
		B2EFC60920084C8D005D8338 /* Main.storyboard in Resources */ = {isa = PBXBuildFile; fileRef = B2EFC60720084C8D005D8338 /* Main.storyboard */; };
		B2EFC60E20084C8D005D8338 /* LaunchScreen.storyboard in Resources */ = {isa = PBXBuildFile; fileRef = B2EFC60C20084C8D005D8338 /* LaunchScreen.storyboard */; };
		B2F3F311200EE006006CB78E /* RoleToolbar.swift in Sources */ = {isa = PBXBuildFile; fileRef = B2F3F310200EE006006CB78E /* RoleToolbar.swift */; };
		B2F3F313200EE02D006CB78E /* Role.swift in Sources */ = {isa = PBXBuildFile; fileRef = B2F3F312200EE02D006CB78E /* Role.swift */; };
		B2F3F317200EE176006CB78E /* role.plist in Resources */ = {isa = PBXBuildFile; fileRef = B2F3F316200EE176006CB78E /* role.plist */; };
		B2F3F31B200EE229006CB78E /* RolePickerView.swift in Sources */ = {isa = PBXBuildFile; fileRef = B2F3F31A200EE229006CB78E /* RolePickerView.swift */; };
		B2FDD6F620215E97006EC48C /* LoginDoneViewController.swift in Sources */ = {isa = PBXBuildFile; fileRef = B2FDD6F520215E97006EC48C /* LoginDoneViewController.swift */; };
/* End PBXBuildFile section */

/* Begin PBXContainerItemProxy section */
		B24CA8F62063A10600E3813C /* PBXContainerItemProxy */ = {
			isa = PBXContainerItemProxy;
			containerPortal = B24CA8EB2063A10500E3813C /* SwiftyJSON.xcodeproj */;
			proxyType = 2;
			remoteGlobalIDString = 2E4FEFDB19575BE100351305;
			remoteInfo = "SwiftyJSON iOS";
		};
		B24CA8F82063A10600E3813C /* PBXContainerItemProxy */ = {
			isa = PBXContainerItemProxy;
			containerPortal = B24CA8EB2063A10500E3813C /* SwiftyJSON.xcodeproj */;
			proxyType = 2;
			remoteGlobalIDString = 2E4FEFE619575BE100351305;
			remoteInfo = "SwiftyJSON iOS Tests";
		};
		B24CA8FA2063A10600E3813C /* PBXContainerItemProxy */ = {
			isa = PBXContainerItemProxy;
			containerPortal = B24CA8EB2063A10500E3813C /* SwiftyJSON.xcodeproj */;
			proxyType = 2;
			remoteGlobalIDString = 9C7DFC5B1A9102BD005AA3F7;
			remoteInfo = "SwiftyJSON macOS";
		};
		B24CA8FC2063A10600E3813C /* PBXContainerItemProxy */ = {
			isa = PBXContainerItemProxy;
			containerPortal = B24CA8EB2063A10500E3813C /* SwiftyJSON.xcodeproj */;
			proxyType = 2;
			remoteGlobalIDString = 9C7DFC651A9102BD005AA3F7;
			remoteInfo = "SwiftyJSON macOS Tests";
		};
		B24CA8FE2063A10600E3813C /* PBXContainerItemProxy */ = {
			isa = PBXContainerItemProxy;
			containerPortal = B24CA8EB2063A10500E3813C /* SwiftyJSON.xcodeproj */;
			proxyType = 2;
			remoteGlobalIDString = E4D7CCE81B9465A700EE7221;
			remoteInfo = "SwiftyJSON watchOS";
		};
		B24CA9002063A10600E3813C /* PBXContainerItemProxy */ = {
			isa = PBXContainerItemProxy;
			containerPortal = B24CA8EB2063A10500E3813C /* SwiftyJSON.xcodeproj */;
			proxyType = 2;
			remoteGlobalIDString = 7236B4F61BAC14150020529B;
			remoteInfo = "SwiftyJSON tvOS";
		};
		B24CA9022063A10600E3813C /* PBXContainerItemProxy */ = {
			isa = PBXContainerItemProxy;
			containerPortal = B24CA8EB2063A10500E3813C /* SwiftyJSON.xcodeproj */;
			proxyType = 2;
			remoteGlobalIDString = A8580F741BCF5C5B00DA927B;
			remoteInfo = "SwiftyJSON tvOS Tests";
		};
		B24CA9062063A11400E3813C /* PBXContainerItemProxy */ = {
			isa = PBXContainerItemProxy;
			containerPortal = B24CA8EB2063A10500E3813C /* SwiftyJSON.xcodeproj */;
			proxyType = 1;
			remoteGlobalIDString = 2E4FEFDA19575BE100351305;
			remoteInfo = "SwiftyJSON iOS";
		};
		B24CA90D2063A15700E3813C /* PBXContainerItemProxy */ = {
			isa = PBXContainerItemProxy;
			containerPortal = B24CA9082063A15700E3813C /* SnapKit.xcodeproj */;
			proxyType = 2;
			remoteGlobalIDString = EEBCC9D819CC627D0083B827;
			remoteInfo = SnapKit;
		};
		B24CA90F2063A15700E3813C /* PBXContainerItemProxy */ = {
			isa = PBXContainerItemProxy;
			containerPortal = B24CA9082063A15700E3813C /* SnapKit.xcodeproj */;
			proxyType = 2;
			remoteGlobalIDString = EEBCC9E219CC627E0083B827;
			remoteInfo = "SnapKit Tests";
		};
		B24CA9132063A16200E3813C /* PBXContainerItemProxy */ = {
			isa = PBXContainerItemProxy;
			containerPortal = B24CA9082063A15700E3813C /* SnapKit.xcodeproj */;
			proxyType = 1;
			remoteGlobalIDString = EEBCC9D719CC627D0083B827;
			remoteInfo = SnapKit;
		};
		B25AEE932057B10300284433 /* PBXContainerItemProxy */ = {
			isa = PBXContainerItemProxy;
			containerPortal = B25AEE882057B10200284433 /* Alamofire.xcodeproj */;
			proxyType = 2;
			remoteGlobalIDString = F8111E3319A95C8B0040E7D1;
			remoteInfo = "Alamofire iOS";
		};
		B25AEE952057B10300284433 /* PBXContainerItemProxy */ = {
			isa = PBXContainerItemProxy;
			containerPortal = B25AEE882057B10200284433 /* Alamofire.xcodeproj */;
			proxyType = 2;
			remoteGlobalIDString = F8111E3E19A95C8B0040E7D1;
			remoteInfo = "Alamofire iOS Tests";
		};
		B25AEE972057B10300284433 /* PBXContainerItemProxy */ = {
			isa = PBXContainerItemProxy;
			containerPortal = B25AEE882057B10200284433 /* Alamofire.xcodeproj */;
			proxyType = 2;
			remoteGlobalIDString = 4DD67C0B1A5C55C900ED2280;
			remoteInfo = "Alamofire macOS";
		};
		B25AEE992057B10300284433 /* PBXContainerItemProxy */ = {
			isa = PBXContainerItemProxy;
			containerPortal = B25AEE882057B10200284433 /* Alamofire.xcodeproj */;
			proxyType = 2;
			remoteGlobalIDString = F829C6B21A7A94F100A2CD59;
			remoteInfo = "Alamofire macOS Tests";
		};
		B25AEE9B2057B10300284433 /* PBXContainerItemProxy */ = {
			isa = PBXContainerItemProxy;
			containerPortal = B25AEE882057B10200284433 /* Alamofire.xcodeproj */;
			proxyType = 2;
			remoteGlobalIDString = 4CF626EF1BA7CB3E0011A099;
			remoteInfo = "Alamofire tvOS";
		};
		B25AEE9D2057B10300284433 /* PBXContainerItemProxy */ = {
			isa = PBXContainerItemProxy;
			containerPortal = B25AEE882057B10200284433 /* Alamofire.xcodeproj */;
			proxyType = 2;
			remoteGlobalIDString = 4CF626F81BA7CB3E0011A099;
			remoteInfo = "Alamofire tvOS Tests";
		};
		B25AEE9F2057B10300284433 /* PBXContainerItemProxy */ = {
			isa = PBXContainerItemProxy;
			containerPortal = B25AEE882057B10200284433 /* Alamofire.xcodeproj */;
			proxyType = 2;
			remoteGlobalIDString = E4202FE01B667AA100C997FB;
			remoteInfo = "Alamofire watchOS";
		};
		B25AEEA32057B13500284433 /* PBXContainerItemProxy */ = {
			isa = PBXContainerItemProxy;
			containerPortal = B25AEE882057B10200284433 /* Alamofire.xcodeproj */;
			proxyType = 1;
			remoteGlobalIDString = F8111E3219A95C8B0040E7D1;
			remoteInfo = "Alamofire iOS";
		};
/* End PBXContainerItemProxy section */

/* Begin PBXCopyFilesBuildPhase section */
		B25AEEA52057B13500284433 /* Embed Frameworks */ = {
			isa = PBXCopyFilesBuildPhase;
			buildActionMask = 2147483647;
			dstPath = "";
			dstSubfolderSpec = 10;
			files = (
				B24CA9122063A16200E3813C /* SnapKit.framework in Embed Frameworks */,
				B24CA9052063A11400E3813C /* SwiftyJSON.framework in Embed Frameworks */,
				B25AEEA22057B13500284433 /* Alamofire.framework in Embed Frameworks */,
			);
			name = "Embed Frameworks";
			runOnlyForDeploymentPostprocessing = 0;
		};
/* End PBXCopyFilesBuildPhase section */

/* Begin PBXFileReference section */
		B2013076201F09D400766573 /* inspection.plist */ = {isa = PBXFileReference; lastKnownFileType = text.plist.xml; path = inspection.plist; sourceTree = "<group>"; };
		B2013078201F0B6800766573 /* Inspection.swift */ = {isa = PBXFileReference; lastKnownFileType = sourcecode.swift; path = Inspection.swift; sourceTree = "<group>"; };
		B201307A201F0BAE00766573 /* InspectionToolbar.swift */ = {isa = PBXFileReference; lastKnownFileType = sourcecode.swift; path = InspectionToolbar.swift; sourceTree = "<group>"; };
		B201307C201F10D500766573 /* InspectionPickerView.swift */ = {isa = PBXFileReference; lastKnownFileType = sourcecode.swift; path = InspectionPickerView.swift; sourceTree = "<group>"; };
		B234B01D203FA203000008F7 /* BaseNetwork.swift */ = {isa = PBXFileReference; lastKnownFileType = sourcecode.swift; path = BaseNetwork.swift; sourceTree = "<group>"; };
		B2417ABA2058C67E00770E23 /* CommonData.swift */ = {isa = PBXFileReference; lastKnownFileType = sourcecode.swift; path = CommonData.swift; sourceTree = "<group>"; };
		B2417ACA2059057300770E23 /* MyInfoSubVC.swift */ = {isa = PBXFileReference; lastKnownFileType = sourcecode.swift; path = MyInfoSubVC.swift; sourceTree = "<group>"; };
		B2417ACC205907A500770E23 /* NoticeInfoSubVC.swift */ = {isa = PBXFileReference; lastKnownFileType = sourcecode.swift; path = NoticeInfoSubVC.swift; sourceTree = "<group>"; };
		B2417ACE205907E300770E23 /* MyRanksSubVC.swift */ = {isa = PBXFileReference; lastKnownFileType = sourcecode.swift; path = MyRanksSubVC.swift; sourceTree = "<group>"; };
		B2417AD02059084000770E23 /* MaintenanceStatisticsSubVC.swift */ = {isa = PBXFileReference; lastKnownFileType = sourcecode.swift; path = MaintenanceStatisticsSubVC.swift; sourceTree = "<group>"; };
		B2438BFC2029889B00BD81CB /* User.swift */ = {isa = PBXFileReference; lastKnownFileType = sourcecode.swift; path = User.swift; sourceTree = "<group>"; };
		B24CA8EB2063A10500E3813C /* SwiftyJSON.xcodeproj */ = {isa = PBXFileReference; lastKnownFileType = "wrapper.pb-project"; name = SwiftyJSON.xcodeproj; path = "SwiftyJSON-master/SwiftyJSON.xcodeproj"; sourceTree = "<group>"; };
		B24CA9082063A15700E3813C /* SnapKit.xcodeproj */ = {isa = PBXFileReference; lastKnownFileType = "wrapper.pb-project"; name = SnapKit.xcodeproj; path = "SnapKit-develop/SnapKit.xcodeproj"; sourceTree = "<group>"; };
		B251F366204391800032722A /* ExtensionToast.swift */ = {isa = PBXFileReference; lastKnownFileType = sourcecode.swift; path = ExtensionToast.swift; sourceTree = "<group>"; };
		B25AEE79205765CF00284433 /* SideViewController.swift */ = {isa = PBXFileReference; lastKnownFileType = sourcecode.swift; path = SideViewController.swift; sourceTree = "<group>"; };
		B25AEE7B2057665000284433 /* OtherViewController.swift */ = {isa = PBXFileReference; lastKnownFileType = sourcecode.swift; path = OtherViewController.swift; sourceTree = "<group>"; };
		B25AEE7E2057693300284433 /* MyResuceVC.swift */ = {isa = PBXFileReference; fileEncoding = 4; lastKnownFileType = sourcecode.swift; path = MyResuceVC.swift; sourceTree = "<group>"; };
		B25AEE7F2057693300284433 /* MyMaintVC.swift */ = {isa = PBXFileReference; fileEncoding = 4; lastKnownFileType = sourcecode.swift; path = MyMaintVC.swift; sourceTree = "<group>"; };
		B25AEE802057693300284433 /* MaintPlanVC.swift */ = {isa = PBXFileReference; fileEncoding = 4; lastKnownFileType = sourcecode.swift; path = MaintPlanVC.swift; sourceTree = "<group>"; };
		B25AEE812057693300284433 /* ResuceTaskVC.swift */ = {isa = PBXFileReference; fileEncoding = 4; lastKnownFileType = sourcecode.swift; path = ResuceTaskVC.swift; sourceTree = "<group>"; };
		B25AEE862057A93E00284433 /* Weather.swift */ = {isa = PBXFileReference; lastKnownFileType = sourcecode.swift; path = Weather.swift; sourceTree = "<group>"; };
		B25AEE882057B10200284433 /* Alamofire.xcodeproj */ = {isa = PBXFileReference; lastKnownFileType = "wrapper.pb-project"; name = Alamofire.xcodeproj; path = "Alamofire-master/Alamofire.xcodeproj"; sourceTree = "<group>"; };
		B25EA612205B5AC6001D9866 /* UIDevice.swift */ = {isa = PBXFileReference; lastKnownFileType = sourcecode.swift; path = UIDevice.swift; sourceTree = "<group>"; };
		B2683E7A2046840000E60F3C /* Common.swift */ = {isa = PBXFileReference; lastKnownFileType = sourcecode.swift; path = Common.swift; sourceTree = "<group>"; };
		B2712C68205223220020D9F0 /* XYSideViewControllerSwift.swift */ = {isa = PBXFileReference; fileEncoding = 4; lastKnownFileType = sourcecode.swift; path = XYSideViewControllerSwift.swift; sourceTree = "<group>"; };
		B27AD554205A480F004D3629 /* Assets.xcassets */ = {isa = PBXFileReference; lastKnownFileType = folder.assetcatalog; path = Assets.xcassets; sourceTree = "<group>"; };
		B2805CEA202AE0BB005BBD38 /* WelcomeViewController.swift */ = {isa = PBXFileReference; lastKnownFileType = sourcecode.swift; path = WelcomeViewController.swift; sourceTree = "<group>"; };
		B2B2CEA5204D2F7C00511479 /* OtherPageViewController.swift */ = {isa = PBXFileReference; lastKnownFileType = sourcecode.swift; path = OtherPageViewController.swift; sourceTree = "<group>"; };
		B2D54872205F8E77002B76A5 /* faultType.plist */ = {isa = PBXFileReference; lastKnownFileType = text.plist.xml; path = faultType.plist; sourceTree = "<group>"; };
		B2D54882205F9600002B76A5 /* FaultType.swift */ = {isa = PBXFileReference; lastKnownFileType = sourcecode.swift; path = FaultType.swift; sourceTree = "<group>"; };
		B2D54884205F962C002B76A5 /* FaultTypePickerView.swift */ = {isa = PBXFileReference; lastKnownFileType = sourcecode.swift; path = FaultTypePickerView.swift; sourceTree = "<group>"; };
		B2D54886205F96FF002B76A5 /* FaultTypeToolbar.swift */ = {isa = PBXFileReference; lastKnownFileType = sourcecode.swift; path = FaultTypeToolbar.swift; sourceTree = "<group>"; };
		B2D5488A2060AA7F002B76A5 /* PersonnelClaimVC.swift */ = {isa = PBXFileReference; lastKnownFileType = sourcecode.swift; path = PersonnelClaimVC.swift; sourceTree = "<group>"; };
		B2D5489A2060AADE002B76A5 /* PersonnelManagementVC.swift */ = {isa = PBXFileReference; lastKnownFileType = sourcecode.swift; path = PersonnelManagementVC.swift; sourceTree = "<group>"; };
		B2D5489C2060AB34002B76A5 /* RealtimePositionVC.swift */ = {isa = PBXFileReference; lastKnownFileType = sourcecode.swift; path = RealtimePositionVC.swift; sourceTree = "<group>"; };
		B2D5489E2060AB77002B76A5 /* ResuceStatisticsVC.swift */ = {isa = PBXFileReference; lastKnownFileType = sourcecode.swift; path = ResuceStatisticsVC.swift; sourceTree = "<group>"; };
		B2EEEAD3204406AF00CBE7DD /* MainTabViewController.swift */ = {isa = PBXFileReference; lastKnownFileType = sourcecode.swift; path = MainTabViewController.swift; sourceTree = "<group>"; };
		B2EEEAD5204406CD00CBE7DD /* MyResuceViewController.swift */ = {isa = PBXFileReference; lastKnownFileType = sourcecode.swift; path = MyResuceViewController.swift; sourceTree = "<group>"; };
		B2EEEAD7204406E400CBE7DD /* ResuceTaskViewController.swift */ = {isa = PBXFileReference; lastKnownFileType = sourcecode.swift; path = ResuceTaskViewController.swift; sourceTree = "<group>"; };
		B2EEEAD9204406F600CBE7DD /* MyMaintViewController.swift */ = {isa = PBXFileReference; lastKnownFileType = sourcecode.swift; path = MyMaintViewController.swift; sourceTree = "<group>"; };
		B2EEEADB2044070800CBE7DD /* MaintPlanViewController.swift */ = {isa = PBXFileReference; lastKnownFileType = sourcecode.swift; path = MaintPlanViewController.swift; sourceTree = "<group>"; };
		B2EEEADD2044082400CBE7DD /* MainViewController.swift */ = {isa = PBXFileReference; lastKnownFileType = sourcecode.swift; path = MainViewController.swift; sourceTree = "<group>"; };
		B2EFC60020084C8D005D8338 /* njdtmaster.app */ = {isa = PBXFileReference; explicitFileType = wrapper.application; includeInIndex = 0; path = njdtmaster.app; sourceTree = BUILT_PRODUCTS_DIR; };
		B2EFC60320084C8D005D8338 /* AppDelegate.swift */ = {isa = PBXFileReference; lastKnownFileType = sourcecode.swift; path = AppDelegate.swift; sourceTree = "<group>"; };
		B2EFC60520084C8D005D8338 /* RegisterViewController.swift */ = {isa = PBXFileReference; lastKnownFileType = sourcecode.swift; path = RegisterViewController.swift; sourceTree = "<group>"; };
		B2EFC60820084C8D005D8338 /* Base */ = {isa = PBXFileReference; lastKnownFileType = file.storyboard; name = Base; path = Base.lproj/Main.storyboard; sourceTree = "<group>"; };
		B2EFC60D20084C8D005D8338 /* Base */ = {isa = PBXFileReference; lastKnownFileType = file.storyboard; name = Base; path = Base.lproj/LaunchScreen.storyboard; sourceTree = "<group>"; };
		B2EFC60F20084C8D005D8338 /* Info.plist */ = {isa = PBXFileReference; lastKnownFileType = text.plist.xml; path = Info.plist; sourceTree = "<group>"; };
		B2F3F310200EE006006CB78E /* RoleToolbar.swift */ = {isa = PBXFileReference; lastKnownFileType = sourcecode.swift; path = RoleToolbar.swift; sourceTree = "<group>"; };
		B2F3F312200EE02D006CB78E /* Role.swift */ = {isa = PBXFileReference; lastKnownFileType = sourcecode.swift; path = Role.swift; sourceTree = "<group>"; };
		B2F3F316200EE176006CB78E /* role.plist */ = {isa = PBXFileReference; lastKnownFileType = text.plist.xml; path = role.plist; sourceTree = "<group>"; };
		B2F3F31A200EE229006CB78E /* RolePickerView.swift */ = {isa = PBXFileReference; lastKnownFileType = sourcecode.swift; path = RolePickerView.swift; sourceTree = "<group>"; };
		B2FDD6F520215E97006EC48C /* LoginDoneViewController.swift */ = {isa = PBXFileReference; lastKnownFileType = sourcecode.swift; path = LoginDoneViewController.swift; sourceTree = "<group>"; };
/* End PBXFileReference section */

/* Begin PBXFrameworksBuildPhase section */
		B2EFC5FD20084C8D005D8338 /* Frameworks */ = {
			isa = PBXFrameworksBuildPhase;
			buildActionMask = 2147483647;
			files = (
				B24CA9112063A16200E3813C /* SnapKit.framework in Frameworks */,
				B24CA9042063A11400E3813C /* SwiftyJSON.framework in Frameworks */,
				B25AEEA12057B13500284433 /* Alamofire.framework in Frameworks */,
			);
			runOnlyForDeploymentPostprocessing = 0;
		};
/* End PBXFrameworksBuildPhase section */

/* Begin PBXGroup section */
		B230D038204405A300E3C450 /* NavigationMenuView */ = {
			isa = PBXGroup;
			children = (
				B25AEE802057693300284433 /* MaintPlanVC.swift */,
				B25AEE7F2057693300284433 /* MyMaintVC.swift */,
				B25AEE7E2057693300284433 /* MyResuceVC.swift */,
				B25AEE812057693300284433 /* ResuceTaskVC.swift */,
				B2EEEAD3204406AF00CBE7DD /* MainTabViewController.swift */,
				B2EEEAD5204406CD00CBE7DD /* MyResuceViewController.swift */,
				B2EEEAD7204406E400CBE7DD /* ResuceTaskViewController.swift */,
				B2EEEAD9204406F600CBE7DD /* MyMaintViewController.swift */,
				B2EEEADB2044070800CBE7DD /* MaintPlanViewController.swift */,
			);
			path = NavigationMenuView;
			sourceTree = "<group>";
		};
		B234B01A203FA15C000008F7 /* Base */ = {
			isa = PBXGroup;
			children = (
				B251F366204391800032722A /* ExtensionToast.swift */,
				B234B01D203FA203000008F7 /* BaseNetwork.swift */,
				B2683E7A2046840000E60F3C /* Common.swift */,
				B25AEE862057A93E00284433 /* Weather.swift */,
				B2417ABA2058C67E00770E23 /* CommonData.swift */,
				B25EA612205B5AC6001D9866 /* UIDevice.swift */,
			);
			path = Base;
			sourceTree = "<group>";
		};
		B24CA8EC2063A10500E3813C /* Products */ = {
			isa = PBXGroup;
			children = (
				B24CA8F72063A10600E3813C /* SwiftyJSON.framework */,
				B24CA8F92063A10600E3813C /* SwiftyJSON iOS Tests.xctest */,
				B24CA8FB2063A10600E3813C /* SwiftyJSON.framework */,
				B24CA8FD2063A10600E3813C /* SwiftyJSON macOS Tests.xctest */,
				B24CA8FF2063A10600E3813C /* SwiftyJSON.framework */,
				B24CA9012063A10600E3813C /* SwiftyJSON.framework */,
				B24CA9032063A10600E3813C /* SwiftyJSON tvOS Tests.xctest */,
			);
			name = Products;
			sourceTree = "<group>";
		};
		B24CA9092063A15700E3813C /* Products */ = {
			isa = PBXGroup;
			children = (
				B24CA90E2063A15700E3813C /* SnapKit.framework */,
				B24CA9102063A15700E3813C /* SnapKit Tests.xctest */,
			);
			name = Products;
			sourceTree = "<group>";
		};
		B25AEE7D2057668100284433 /* SideView */ = {
			isa = PBXGroup;
			children = (
				B25AEE79205765CF00284433 /* SideViewController.swift */,
				B2417ACA2059057300770E23 /* MyInfoSubVC.swift */,
				B2417ACC205907A500770E23 /* NoticeInfoSubVC.swift */,
				B2417ACE205907E300770E23 /* MyRanksSubVC.swift */,
				B2417AD02059084000770E23 /* MaintenanceStatisticsSubVC.swift */,
				B2D5488A2060AA7F002B76A5 /* PersonnelClaimVC.swift */,
				B2D5489A2060AADE002B76A5 /* PersonnelManagementVC.swift */,
				B2D5489C2060AB34002B76A5 /* RealtimePositionVC.swift */,
				B2D5489E2060AB77002B76A5 /* ResuceStatisticsVC.swift */,
			);
			path = SideView;
			sourceTree = "<group>";
		};
		B25AEE892057B10200284433 /* Products */ = {
			isa = PBXGroup;
			children = (
				B25AEE942057B10300284433 /* Alamofire.framework */,
				B25AEE962057B10300284433 /* Alamofire iOS Tests.xctest */,
				B25AEE982057B10300284433 /* Alamofire.framework */,
				B25AEE9A2057B10300284433 /* Alamofire macOS Tests.xctest */,
				B25AEE9C2057B10300284433 /* Alamofire.framework */,
				B25AEE9E2057B10300284433 /* Alamofire tvOS Tests.xctest */,
				B25AEEA02057B10300284433 /* Alamofire.framework */,
			);
			name = Products;
			sourceTree = "<group>";
		};
		B2712C67205223220020D9F0 /* XYSideViewControllerSwift */ = {
			isa = PBXGroup;
			children = (
				B2712C68205223220020D9F0 /* XYSideViewControllerSwift.swift */,
			);
			path = XYSideViewControllerSwift;
			sourceTree = "<group>";
		};
		B2EFC5F720084C8D005D8338 = {
			isa = PBXGroup;
			children = (
				B24CA9082063A15700E3813C /* SnapKit.xcodeproj */,
				B24CA8EB2063A10500E3813C /* SwiftyJSON.xcodeproj */,
				B25AEE882057B10200284433 /* Alamofire.xcodeproj */,
				B2EFC60220084C8D005D8338 /* njdtmaster */,
				B2EFC60120084C8D005D8338 /* Products */,
			);
			sourceTree = "<group>";
		};
		B2EFC60120084C8D005D8338 /* Products */ = {
			isa = PBXGroup;
			children = (
				B2EFC60020084C8D005D8338 /* njdtmaster.app */,
			);
			name = Products;
			sourceTree = "<group>";
		};
		B2EFC60220084C8D005D8338 /* njdtmaster */ = {
			isa = PBXGroup;
			children = (
				B25AEE7D2057668100284433 /* SideView */,
				B2712C67205223220020D9F0 /* XYSideViewControllerSwift */,
				B230D038204405A300E3C450 /* NavigationMenuView */,
				B234B01A203FA15C000008F7 /* Base */,
				B2F3F30F200EDFD2006CB78E /* PickerView */,
				B2EFC60320084C8D005D8338 /* AppDelegate.swift */,
				B2FDD6F520215E97006EC48C /* LoginDoneViewController.swift */,
				B2EEEADD2044082400CBE7DD /* MainViewController.swift */,
				B2EFC60520084C8D005D8338 /* RegisterViewController.swift */,
				B2805CEA202AE0BB005BBD38 /* WelcomeViewController.swift */,
				B27AD554205A480F004D3629 /* Assets.xcassets */,
				B2EFC60720084C8D005D8338 /* Main.storyboard */,
				B2EFC60C20084C8D005D8338 /* LaunchScreen.storyboard */,
				B2EFC60F20084C8D005D8338 /* Info.plist */,
				B2B2CEA5204D2F7C00511479 /* OtherPageViewController.swift */,
				B25AEE7B2057665000284433 /* OtherViewController.swift */,
			);
			path = njdtmaster;
			sourceTree = "<group>";
		};
		B2F3F30F200EDFD2006CB78E /* PickerView */ = {
			isa = PBXGroup;
			children = (
				B2F3F310200EE006006CB78E /* RoleToolbar.swift */,
				B201307A201F0BAE00766573 /* InspectionToolbar.swift */,
				B2F3F312200EE02D006CB78E /* Role.swift */,
				B2013078201F0B6800766573 /* Inspection.swift */,
				B2F3F316200EE176006CB78E /* role.plist */,
				B2F3F31A200EE229006CB78E /* RolePickerView.swift */,
				B2013076201F09D400766573 /* inspection.plist */,
				B201307C201F10D500766573 /* InspectionPickerView.swift */,
				B2438BFC2029889B00BD81CB /* User.swift */,
				B2D54872205F8E77002B76A5 /* faultType.plist */,
				B2D54882205F9600002B76A5 /* FaultType.swift */,
				B2D54884205F962C002B76A5 /* FaultTypePickerView.swift */,
				B2D54886205F96FF002B76A5 /* FaultTypeToolbar.swift */,
			);
			path = PickerView;
			sourceTree = "<group>";
		};
/* End PBXGroup section */

/* Begin PBXNativeTarget section */
		B2EFC5FF20084C8D005D8338 /* njdtmaster */ = {
			isa = PBXNativeTarget;
			buildConfigurationList = B2EFC61220084C8D005D8338 /* Build configuration list for PBXNativeTarget "njdtmaster" */;
			buildPhases = (
				B2EFC5FC20084C8D005D8338 /* Sources */,
				B2EFC5FD20084C8D005D8338 /* Frameworks */,
				B2EFC5FE20084C8D005D8338 /* Resources */,
				B25AEEA52057B13500284433 /* Embed Frameworks */,
			);
			buildRules = (
			);
			dependencies = (
				B25AEEA42057B13500284433 /* PBXTargetDependency */,
				B24CA9072063A11400E3813C /* PBXTargetDependency */,
				B24CA9142063A16200E3813C /* PBXTargetDependency */,
			);
			name = njdtmaster;
			productName = njdtmaster;
			productReference = B2EFC60020084C8D005D8338 /* njdtmaster.app */;
			productType = "com.apple.product-type.application";
		};
/* End PBXNativeTarget section */

/* Begin PBXProject section */
		B2EFC5F820084C8D005D8338 /* Project object */ = {
			isa = PBXProject;
			attributes = {
				LastSwiftUpdateCheck = 0920;
				LastUpgradeCheck = 0920;
				ORGANIZATIONNAME = "尹浩";
				TargetAttributes = {
					B2EFC5FF20084C8D005D8338 = {
						CreatedOnToolsVersion = 9.2;
						ProvisioningStyle = Automatic;
					};
				};
			};
			buildConfigurationList = B2EFC5FB20084C8D005D8338 /* Build configuration list for PBXProject "njdtmaster" */;
			compatibilityVersion = "Xcode 8.0";
			developmentRegion = en;
			hasScannedForEncodings = 0;
			knownRegions = (
				en,
				Base,
			);
			mainGroup = B2EFC5F720084C8D005D8338;
			productRefGroup = B2EFC60120084C8D005D8338 /* Products */;
			projectDirPath = "";
			projectReferences = (
				{
					ProductGroup = B25AEE892057B10200284433 /* Products */;
					ProjectRef = B25AEE882057B10200284433 /* Alamofire.xcodeproj */;
				},
				{
					ProductGroup = B24CA9092063A15700E3813C /* Products */;
					ProjectRef = B24CA9082063A15700E3813C /* SnapKit.xcodeproj */;
				},
				{
					ProductGroup = B24CA8EC2063A10500E3813C /* Products */;
					ProjectRef = B24CA8EB2063A10500E3813C /* SwiftyJSON.xcodeproj */;
				},
			);
			projectRoot = "";
			targets = (
				B2EFC5FF20084C8D005D8338 /* njdtmaster */,
			);
		};
/* End PBXProject section */

/* Begin PBXReferenceProxy section */
		B24CA8F72063A10600E3813C /* SwiftyJSON.framework */ = {
			isa = PBXReferenceProxy;
			fileType = wrapper.framework;
			path = SwiftyJSON.framework;
			remoteRef = B24CA8F62063A10600E3813C /* PBXContainerItemProxy */;
			sourceTree = BUILT_PRODUCTS_DIR;
		};
		B24CA8F92063A10600E3813C /* SwiftyJSON iOS Tests.xctest */ = {
			isa = PBXReferenceProxy;
			fileType = wrapper.cfbundle;
			path = "SwiftyJSON iOS Tests.xctest";
			remoteRef = B24CA8F82063A10600E3813C /* PBXContainerItemProxy */;
			sourceTree = BUILT_PRODUCTS_DIR;
		};
		B24CA8FB2063A10600E3813C /* SwiftyJSON.framework */ = {
			isa = PBXReferenceProxy;
			fileType = wrapper.framework;
			path = SwiftyJSON.framework;
			remoteRef = B24CA8FA2063A10600E3813C /* PBXContainerItemProxy */;
			sourceTree = BUILT_PRODUCTS_DIR;
		};
		B24CA8FD2063A10600E3813C /* SwiftyJSON macOS Tests.xctest */ = {
			isa = PBXReferenceProxy;
			fileType = wrapper.cfbundle;
			path = "SwiftyJSON macOS Tests.xctest";
			remoteRef = B24CA8FC2063A10600E3813C /* PBXContainerItemProxy */;
			sourceTree = BUILT_PRODUCTS_DIR;
		};
		B24CA8FF2063A10600E3813C /* SwiftyJSON.framework */ = {
			isa = PBXReferenceProxy;
			fileType = wrapper.framework;
			path = SwiftyJSON.framework;
			remoteRef = B24CA8FE2063A10600E3813C /* PBXContainerItemProxy */;
			sourceTree = BUILT_PRODUCTS_DIR;
		};
		B24CA9012063A10600E3813C /* SwiftyJSON.framework */ = {
			isa = PBXReferenceProxy;
			fileType = wrapper.framework;
			path = SwiftyJSON.framework;
			remoteRef = B24CA9002063A10600E3813C /* PBXContainerItemProxy */;
			sourceTree = BUILT_PRODUCTS_DIR;
		};
		B24CA9032063A10600E3813C /* SwiftyJSON tvOS Tests.xctest */ = {
			isa = PBXReferenceProxy;
			fileType = wrapper.cfbundle;
			path = "SwiftyJSON tvOS Tests.xctest";
			remoteRef = B24CA9022063A10600E3813C /* PBXContainerItemProxy */;
			sourceTree = BUILT_PRODUCTS_DIR;
		};
		B24CA90E2063A15700E3813C /* SnapKit.framework */ = {
			isa = PBXReferenceProxy;
			fileType = wrapper.framework;
			path = SnapKit.framework;
			remoteRef = B24CA90D2063A15700E3813C /* PBXContainerItemProxy */;
			sourceTree = BUILT_PRODUCTS_DIR;
		};
		B24CA9102063A15700E3813C /* SnapKit Tests.xctest */ = {
			isa = PBXReferenceProxy;
			fileType = wrapper.cfbundle;
			path = "SnapKit Tests.xctest";
			remoteRef = B24CA90F2063A15700E3813C /* PBXContainerItemProxy */;
			sourceTree = BUILT_PRODUCTS_DIR;
		};
		B25AEE942057B10300284433 /* Alamofire.framework */ = {
			isa = PBXReferenceProxy;
			fileType = wrapper.framework;
			path = Alamofire.framework;
			remoteRef = B25AEE932057B10300284433 /* PBXContainerItemProxy */;
			sourceTree = BUILT_PRODUCTS_DIR;
		};
		B25AEE962057B10300284433 /* Alamofire iOS Tests.xctest */ = {
			isa = PBXReferenceProxy;
			fileType = wrapper.cfbundle;
			path = "Alamofire iOS Tests.xctest";
			remoteRef = B25AEE952057B10300284433 /* PBXContainerItemProxy */;
			sourceTree = BUILT_PRODUCTS_DIR;
		};
		B25AEE982057B10300284433 /* Alamofire.framework */ = {
			isa = PBXReferenceProxy;
			fileType = wrapper.framework;
			path = Alamofire.framework;
			remoteRef = B25AEE972057B10300284433 /* PBXContainerItemProxy */;
			sourceTree = BUILT_PRODUCTS_DIR;
		};
		B25AEE9A2057B10300284433 /* Alamofire macOS Tests.xctest */ = {
			isa = PBXReferenceProxy;
			fileType = wrapper.cfbundle;
			path = "Alamofire macOS Tests.xctest";
			remoteRef = B25AEE992057B10300284433 /* PBXContainerItemProxy */;
			sourceTree = BUILT_PRODUCTS_DIR;
		};
		B25AEE9C2057B10300284433 /* Alamofire.framework */ = {
			isa = PBXReferenceProxy;
			fileType = wrapper.framework;
			path = Alamofire.framework;
			remoteRef = B25AEE9B2057B10300284433 /* PBXContainerItemProxy */;
			sourceTree = BUILT_PRODUCTS_DIR;
		};
		B25AEE9E2057B10300284433 /* Alamofire tvOS Tests.xctest */ = {
			isa = PBXReferenceProxy;
			fileType = wrapper.cfbundle;
			path = "Alamofire tvOS Tests.xctest";
			remoteRef = B25AEE9D2057B10300284433 /* PBXContainerItemProxy */;
			sourceTree = BUILT_PRODUCTS_DIR;
		};
		B25AEEA02057B10300284433 /* Alamofire.framework */ = {
			isa = PBXReferenceProxy;
			fileType = wrapper.framework;
			path = Alamofire.framework;
			remoteRef = B25AEE9F2057B10300284433 /* PBXContainerItemProxy */;
			sourceTree = BUILT_PRODUCTS_DIR;
		};
/* End PBXReferenceProxy section */

/* Begin PBXResourcesBuildPhase section */
		B2EFC5FE20084C8D005D8338 /* Resources */ = {
			isa = PBXResourcesBuildPhase;
			buildActionMask = 2147483647;
			files = (
				B2EFC60E20084C8D005D8338 /* LaunchScreen.storyboard in Resources */,
				B2F3F317200EE176006CB78E /* role.plist in Resources */,
				B2EFC60920084C8D005D8338 /* Main.storyboard in Resources */,
				B2D54873205F8E77002B76A5 /* faultType.plist in Resources */,
				B2013077201F09D400766573 /* inspection.plist in Resources */,
				B27AD555205A480F004D3629 /* Assets.xcassets in Resources */,
			);
			runOnlyForDeploymentPostprocessing = 0;
		};
/* End PBXResourcesBuildPhase section */

/* Begin PBXSourcesBuildPhase section */
		B2EFC5FC20084C8D005D8338 /* Sources */ = {
			isa = PBXSourcesBuildPhase;
			buildActionMask = 2147483647;
			files = (
				B2EFC60620084C8D005D8338 /* RegisterViewController.swift in Sources */,
				B2417ACB2059057300770E23 /* MyInfoSubVC.swift in Sources */,
				B2D5489B2060AADE002B76A5 /* PersonnelManagementVC.swift in Sources */,
				B2417ACF205907E300770E23 /* MyRanksSubVC.swift in Sources */,
				B2013079201F0B6800766573 /* Inspection.swift in Sources */,
				B2EEEAD8204406E400CBE7DD /* ResuceTaskViewController.swift in Sources */,
				B251F367204391800032722A /* ExtensionToast.swift in Sources */,
				B201307D201F10D500766573 /* InspectionPickerView.swift in Sources */,
				B25AEE842057693300284433 /* MaintPlanVC.swift in Sources */,
				B2D54883205F9600002B76A5 /* FaultType.swift in Sources */,
				B2EEEADE2044082400CBE7DD /* MainViewController.swift in Sources */,
				B2712C69205223220020D9F0 /* XYSideViewControllerSwift.swift in Sources */,
				B25AEE872057A93E00284433 /* Weather.swift in Sources */,
				B2805CEB202AE0BB005BBD38 /* WelcomeViewController.swift in Sources */,
				B2417AD12059084000770E23 /* MaintenanceStatisticsSubVC.swift in Sources */,
				B2EEEADA204406F600CBE7DD /* MyMaintViewController.swift in Sources */,
				B2EEEADC2044070800CBE7DD /* MaintPlanViewController.swift in Sources */,
				B25AEE832057693300284433 /* MyMaintVC.swift in Sources */,
				B25AEE852057693300284433 /* ResuceTaskVC.swift in Sources */,
				B2EEEAD6204406CD00CBE7DD /* MyResuceViewController.swift in Sources */,
				B2EEEAD4204406AF00CBE7DD /* MainTabViewController.swift in Sources */,
				B2EFC60420084C8D005D8338 /* AppDelegate.swift in Sources */,
				B25EA613205B5AC6001D9866 /* UIDevice.swift in Sources */,
				B2D5489D2060AB34002B76A5 /* RealtimePositionVC.swift in Sources */,
				B25AEE7C2057665000284433 /* OtherViewController.swift in Sources */,
				B2F3F313200EE02D006CB78E /* Role.swift in Sources */,
				B2D54887205F96FF002B76A5 /* FaultTypeToolbar.swift in Sources */,
				B2683E7B2046840000E60F3C /* Common.swift in Sources */,
				B2D54885205F962C002B76A5 /* FaultTypePickerView.swift in Sources */,
				B2417ABB2058C67E00770E23 /* CommonData.swift in Sources */,
				B2D5489F2060AB77002B76A5 /* ResuceStatisticsVC.swift in Sources */,
				B201307B201F0BAE00766573 /* InspectionToolbar.swift in Sources */,
				B25AEE822057693300284433 /* MyResuceVC.swift in Sources */,
				B2D5488B2060AA7F002B76A5 /* PersonnelClaimVC.swift in Sources */,
				B2F3F311200EE006006CB78E /* RoleToolbar.swift in Sources */,
				B2417ACD205907A500770E23 /* NoticeInfoSubVC.swift in Sources */,
				B2FDD6F620215E97006EC48C /* LoginDoneViewController.swift in Sources */,
				B234B01E203FA203000008F7 /* BaseNetwork.swift in Sources */,
				B2B2CEA6204D2F7C00511479 /* OtherPageViewController.swift in Sources */,
				B25AEE7A205765CF00284433 /* SideViewController.swift in Sources */,
				B2438BFD2029889B00BD81CB /* User.swift in Sources */,
				B2F3F31B200EE229006CB78E /* RolePickerView.swift in Sources */,
			);
			runOnlyForDeploymentPostprocessing = 0;
		};
/* End PBXSourcesBuildPhase section */

/* Begin PBXTargetDependency section */
		B24CA9072063A11400E3813C /* PBXTargetDependency */ = {
			isa = PBXTargetDependency;
			name = "SwiftyJSON iOS";
			targetProxy = B24CA9062063A11400E3813C /* PBXContainerItemProxy */;
		};
		B24CA9142063A16200E3813C /* PBXTargetDependency */ = {
			isa = PBXTargetDependency;
			name = SnapKit;
			targetProxy = B24CA9132063A16200E3813C /* PBXContainerItemProxy */;
		};
		B25AEEA42057B13500284433 /* PBXTargetDependency */ = {
			isa = PBXTargetDependency;
			name = "Alamofire iOS";
			targetProxy = B25AEEA32057B13500284433 /* PBXContainerItemProxy */;
		};
/* End PBXTargetDependency section */

/* Begin PBXVariantGroup section */
		B2EFC60720084C8D005D8338 /* Main.storyboard */ = {
			isa = PBXVariantGroup;
			children = (
				B2EFC60820084C8D005D8338 /* Base */,
			);
			name = Main.storyboard;
			sourceTree = "<group>";
		};
		B2EFC60C20084C8D005D8338 /* LaunchScreen.storyboard */ = {
			isa = PBXVariantGroup;
			children = (
				B2EFC60D20084C8D005D8338 /* Base */,
			);
			name = LaunchScreen.storyboard;
			sourceTree = "<group>";
		};
/* End PBXVariantGroup section */

/* Begin XCBuildConfiguration section */
		B2EFC61020084C8D005D8338 /* Debug */ = {
			isa = XCBuildConfiguration;
			buildSettings = {
				ALWAYS_SEARCH_USER_PATHS = NO;
				CLANG_ANALYZER_NONNULL = YES;
				CLANG_ANALYZER_NUMBER_OBJECT_CONVERSION = YES_AGGRESSIVE;
				CLANG_CXX_LANGUAGE_STANDARD = "gnu++14";
				CLANG_CXX_LIBRARY = "libc++";
				CLANG_ENABLE_MODULES = YES;
				CLANG_ENABLE_OBJC_ARC = YES;
				CLANG_WARN_BLOCK_CAPTURE_AUTORELEASING = YES;
				CLANG_WARN_BOOL_CONVERSION = YES;
				CLANG_WARN_COMMA = YES;
				CLANG_WARN_CONSTANT_CONVERSION = YES;
				CLANG_WARN_DIRECT_OBJC_ISA_USAGE = YES_ERROR;
				CLANG_WARN_DOCUMENTATION_COMMENTS = YES;
				CLANG_WARN_EMPTY_BODY = YES;
				CLANG_WARN_ENUM_CONVERSION = YES;
				CLANG_WARN_INFINITE_RECURSION = YES;
				CLANG_WARN_INT_CONVERSION = YES;
				CLANG_WARN_NON_LITERAL_NULL_CONVERSION = YES;
				CLANG_WARN_OBJC_LITERAL_CONVERSION = YES;
				CLANG_WARN_OBJC_ROOT_CLASS = YES_ERROR;
				CLANG_WARN_RANGE_LOOP_ANALYSIS = YES;
				CLANG_WARN_STRICT_PROTOTYPES = YES;
				CLANG_WARN_SUSPICIOUS_MOVE = YES;
				CLANG_WARN_UNGUARDED_AVAILABILITY = YES_AGGRESSIVE;
				CLANG_WARN_UNREACHABLE_CODE = YES;
				CLANG_WARN__DUPLICATE_METHOD_MATCH = YES;
				CODE_SIGN_IDENTITY = "iPhone Developer";
				COPY_PHASE_STRIP = NO;
				DEBUG_INFORMATION_FORMAT = dwarf;
				ENABLE_STRICT_OBJC_MSGSEND = YES;
				ENABLE_TESTABILITY = YES;
				GCC_C_LANGUAGE_STANDARD = gnu11;
				GCC_DYNAMIC_NO_PIC = NO;
				GCC_NO_COMMON_BLOCKS = YES;
				GCC_OPTIMIZATION_LEVEL = 0;
				GCC_PREPROCESSOR_DEFINITIONS = (
					"DEBUG=1",
					"$(inherited)",
				);
				GCC_WARN_64_TO_32_BIT_CONVERSION = YES;
				GCC_WARN_ABOUT_RETURN_TYPE = YES_ERROR;
				GCC_WARN_UNDECLARED_SELECTOR = YES;
				GCC_WARN_UNINITIALIZED_AUTOS = YES_AGGRESSIVE;
				GCC_WARN_UNUSED_FUNCTION = YES;
				GCC_WARN_UNUSED_VARIABLE = YES;
				IPHONEOS_DEPLOYMENT_TARGET = 11.0;
				MTL_ENABLE_DEBUG_INFO = YES;
				ONLY_ACTIVE_ARCH = YES;
				SDKROOT = iphoneos;
				SWIFT_ACTIVE_COMPILATION_CONDITIONS = DEBUG;
				SWIFT_OPTIMIZATION_LEVEL = "-Onone";
			};
			name = Debug;
		};
		B2EFC61120084C8D005D8338 /* Release */ = {
			isa = XCBuildConfiguration;
			buildSettings = {
				ALWAYS_SEARCH_USER_PATHS = NO;
				CLANG_ANALYZER_NONNULL = YES;
				CLANG_ANALYZER_NUMBER_OBJECT_CONVERSION = YES_AGGRESSIVE;
				CLANG_CXX_LANGUAGE_STANDARD = "gnu++14";
				CLANG_CXX_LIBRARY = "libc++";
				CLANG_ENABLE_MODULES = YES;
				CLANG_ENABLE_OBJC_ARC = YES;
				CLANG_WARN_BLOCK_CAPTURE_AUTORELEASING = YES;
				CLANG_WARN_BOOL_CONVERSION = YES;
				CLANG_WARN_COMMA = YES;
				CLANG_WARN_CONSTANT_CONVERSION = YES;
				CLANG_WARN_DIRECT_OBJC_ISA_USAGE = YES_ERROR;
				CLANG_WARN_DOCUMENTATION_COMMENTS = YES;
				CLANG_WARN_EMPTY_BODY = YES;
				CLANG_WARN_ENUM_CONVERSION = YES;
				CLANG_WARN_INFINITE_RECURSION = YES;
				CLANG_WARN_INT_CONVERSION = YES;
				CLANG_WARN_NON_LITERAL_NULL_CONVERSION = YES;
				CLANG_WARN_OBJC_LITERAL_CONVERSION = YES;
				CLANG_WARN_OBJC_ROOT_CLASS = YES_ERROR;
				CLANG_WARN_RANGE_LOOP_ANALYSIS = YES;
				CLANG_WARN_STRICT_PROTOTYPES = YES;
				CLANG_WARN_SUSPICIOUS_MOVE = YES;
				CLANG_WARN_UNGUARDED_AVAILABILITY = YES_AGGRESSIVE;
				CLANG_WARN_UNREACHABLE_CODE = YES;
				CLANG_WARN__DUPLICATE_METHOD_MATCH = YES;
				CODE_SIGN_IDENTITY = "iPhone Developer";
				COPY_PHASE_STRIP = NO;
				DEBUG_INFORMATION_FORMAT = "dwarf-with-dsym";
				ENABLE_NS_ASSERTIONS = NO;
				ENABLE_STRICT_OBJC_MSGSEND = YES;
				GCC_C_LANGUAGE_STANDARD = gnu11;
				GCC_NO_COMMON_BLOCKS = YES;
				GCC_WARN_64_TO_32_BIT_CONVERSION = YES;
				GCC_WARN_ABOUT_RETURN_TYPE = YES_ERROR;
				GCC_WARN_UNDECLARED_SELECTOR = YES;
				GCC_WARN_UNINITIALIZED_AUTOS = YES_AGGRESSIVE;
				GCC_WARN_UNUSED_FUNCTION = YES;
				GCC_WARN_UNUSED_VARIABLE = YES;
				IPHONEOS_DEPLOYMENT_TARGET = 11.0;
				MTL_ENABLE_DEBUG_INFO = NO;
				SDKROOT = iphoneos;
				SWIFT_OPTIMIZATION_LEVEL = "-Owholemodule";
				VALIDATE_PRODUCT = YES;
			};
			name = Release;
		};
		B2EFC61320084C8D005D8338 /* Debug */ = {
			isa = XCBuildConfiguration;
			buildSettings = {
				ALWAYS_EMBED_SWIFT_STANDARD_LIBRARIES = YES;
				ASSETCATALOG_COMPILER_APPICON_NAME = AppIcon;
				CODE_SIGN_STYLE = Automatic;
				DEBUG_ACTIVITY_MODE = "";
				"DEBUG_ACTIVITY_MODE[sdk=iphonesimulator*]" = default;
				DEVELOPMENT_TEAM = UKL2B4M8T2;
				INFOPLIST_FILE = njdtmaster/Info.plist;
				IPHONEOS_DEPLOYMENT_TARGET = 10.3;
				LD_RUNPATH_SEARCH_PATHS = "$(inherited) @executable_path/Frameworks";
				PRODUCT_BUNDLE_IDENTIFIER = com.jsict.njdtmaster;
				PRODUCT_NAME = "$(TARGET_NAME)";
				SWIFT_VERSION = 4.0;
				TARGETED_DEVICE_FAMILY = "1,2";
			};
			name = Debug;
		};
		B2EFC61420084C8D005D8338 /* Release */ = {
			isa = XCBuildConfiguration;
			buildSettings = {
				ALWAYS_EMBED_SWIFT_STANDARD_LIBRARIES = YES;
				ASSETCATALOG_COMPILER_APPICON_NAME = AppIcon;
				CODE_SIGN_STYLE = Automatic;
				DEBUG_ACTIVITY_MODE = "";
				DEVELOPMENT_TEAM = UKL2B4M8T2;
				INFOPLIST_FILE = njdtmaster/Info.plist;
				IPHONEOS_DEPLOYMENT_TARGET = 10.3;
				LD_RUNPATH_SEARCH_PATHS = "$(inherited) @executable_path/Frameworks";
				PRODUCT_BUNDLE_IDENTIFIER = com.jsict.njdtmaster;
				PRODUCT_NAME = "$(TARGET_NAME)";
				SWIFT_VERSION = 4.0;
				TARGETED_DEVICE_FAMILY = "1,2";
			};
			name = Release;
		};
/* End XCBuildConfiguration section */

/* Begin XCConfigurationList section */
		B2EFC5FB20084C8D005D8338 /* Build configuration list for PBXProject "njdtmaster" */ = {
			isa = XCConfigurationList;
			buildConfigurations = (
				B2EFC61020084C8D005D8338 /* Debug */,
				B2EFC61120084C8D005D8338 /* Release */,
			);
			defaultConfigurationIsVisible = 0;
			defaultConfigurationName = Release;
		};
		B2EFC61220084C8D005D8338 /* Build configuration list for PBXNativeTarget "njdtmaster" */ = {
			isa = XCConfigurationList;
			buildConfigurations = (
				B2EFC61320084C8D005D8338 /* Debug */,
				B2EFC61420084C8D005D8338 /* Release */,
			);
			defaultConfigurationIsVisible = 0;
			defaultConfigurationName = Release;
		};
/* End XCConfigurationList section */
	};
	rootObject = B2EFC5F820084C8D005D8338 /* Project object */;
}
